
Microsoft Visual Studio Solution File, Format Version 12.00
# Visual Studio Version 16
VisualStudioVersion = 16.0.31911.196
MinimumVisualStudioVersion = 10.0.40219.1
Project("{8BC9CEB8-8B4A-11D0-8D11-00A0C91BC942}") = "VirtualFunction", "VirtualFunction.vcxproj", "{934B8F4F-96FF-439B-AFF7-1C52709B03FF}"
EndProject
Global
	GlobalSection(SolutionConfigurationPlatforms) = preSolution
		Debug|x64 = Debug|x64
		Debug|x86 = Debug|x86
		Release|x64 = Release|x64
		Release|x86 = Release|x86
	EndGlobalSection
	GlobalSection(ProjectConfigurationPlatforms) = postSolution
		{934B8F4F-96FF-439B-AFF7-1C52709B03FF}.Debug|x64.ActiveCfg = Debug|x64
		{934B8F4F-96FF-439B-AFF7-1C52709B03FF}.Debug|x64.Build.0 = Debug|x64
		{934B8F4F-96FF-439B-AFF7-1C52709B03FF}.Debug|x86.ActiveCfg = Debug|Win32
		{934B8F4F-96FF-439B-AFF7-1C52709B03FF}.Debug|x86.Build.0 = Debug|Win32
		{934B8F4F-96FF-439B-AFF7-1C52709B03FF}.Release|x64.ActiveCfg = Release|x64
		{934B8F4F-96FF-439B-AFF7-1C52709B03FF}.Release|x64.Build.0 = Release|x64
		{934B8F4F-96FF-439B-AFF7-1C52709B03FF}.Release|x86.ActiveCfg = Release|Win32
		{934B8F4F-96FF-439B-AFF7-1C52709B03FF}.Release|x86.Build.0 = Release|Win32
	EndGlobalSection
	GlobalSection(SolutionProperties) = preSolution
		HideSolutionNode = FALSE
	EndGlobalSection
	GlobalSection(ExtensibilityGlobals) = postSolution
		SolutionGuid = {F401C1DD-E89B-42A2-AE56-0FB3C6CA1E61}
	EndGlobalSection
EndGlobal
